
Microsoft Visual Studio Solution File, Format Version 12.00
# Visual Studio 15
VisualStudioVersion = 15.0.28307.902
MinimumVisualStudioVersion = 10.0.40219.1
Project("{FAE04EC0-301F-11D3-BF4B-00C04F79EFBC}") = "ConsoleTest", "ConsoleTest\ConsoleTest.csproj", "{F54745F5-D12F-42AB-B1E2-B3BECF9ED783}"
EndProject
Global
	GlobalSection(SolutionConfigurationPlatforms) = preSolution
		Debug|Any CPU = Debug|Any CPU
		Release|Any CPU = Release|Any CPU
	EndGlobalSection
	GlobalSection(ProjectConfigurationPlatforms) = postSolution
		{F54745F5-D12F-42AB-B1E2-B3BECF9ED783}.Debug|Any CPU.ActiveCfg = Debug|Any CPU
		{F54745F5-D12F-42AB-B1E2-B3BECF9ED783}.Debug|Any CPU.Build.0 = Debug|Any CPU
		{F54745F5-D12F-42AB-B1E2-B3BECF9ED783}.Release|Any CPU.ActiveCfg = Release|Any CPU
		{F54745F5-D12F-42AB-B1E2-B3BECF9ED783}.Release|Any CPU.Build.0 = Release|Any CPU
	EndGlobalSection
	GlobalSection(SolutionProperties) = preSolution
		HideSolutionNode = FALSE
	EndGlobalSection
	GlobalSection(ExtensibilityGlobals) = postSolution
		SolutionGuid = {CF8F695F-0450-4009-A4E8-6245CC918A19}
	EndGlobalSection
EndGlobal
